
Microsoft Visual Studio Solution File, Format Version 12.00
# Visual Studio Version 16
VisualStudioVersion = 16.0.30413.136
MinimumVisualStudioVersion = 10.0.40219.1
Project("{9A19103F-16F7-4668-BE54-9A1E7A4F7556}") = "Microsoft.Azure.Relay.ClientWebSocket", "Microsoft.Azure.Relay.ClientWebSocket\Microsoft.Azure.Relay.ClientWebSocket.csproj", "{4110BF88-6F57-4EA2-8119-150F84393888}"
EndProject
Global
	GlobalSection(SolutionConfigurationPlatforms) = preSolution
		Debug|Any CPU = Debug|Any CPU
		Release|Any CPU = Release|Any CPU
	EndGlobalSection
	GlobalSection(ProjectConfigurationPlatforms) = postSolution
		{4110BF88-6F57-4EA2-8119-150F84393888}.Debug|Any CPU.ActiveCfg = Debug|Any CPU
		{4110BF88-6F57-4EA2-8119-150F84393888}.Debug|Any CPU.Build.0 = Debug|Any CPU
		{4110BF88-6F57-4EA2-8119-150F84393888}.Release|Any CPU.ActiveCfg = Release|Any CPU
		{4110BF88-6F57-4EA2-8119-150F84393888}.Release|Any CPU.Build.0 = Release|Any CPU
	EndGlobalSection
	GlobalSection(SolutionProperties) = preSolution
		HideSolutionNode = FALSE
	EndGlobalSection
	GlobalSection(ExtensibilityGlobals) = postSolution
		SolutionGuid = {5802E2FB-3C03-4717-A569-D4ED5BEC0CAD}
	EndGlobalSection
EndGlobal
